<?xml version="1.0" encoding="utf-8"?>
<Project ToolsVersion="4.0" xmlns="http://schemas.microsoft.com/developer/msbuild/2003">
  <ItemGroup>
    <Filter Include="Source Files">
      <UniqueIdentifier>{ae2983af-7edf-44e5-8eea-f476d172f2bd}</UniqueIdentifier>
      <Extensions>cpp;c;cxx;rc;def;r;odl;idl;hpj;bat</Extensions>
    </Filter>
    <Filter Include="Header Files">
      <UniqueIdentifier>{885bba37-240a-4b22-883e-2298666c1135}</UniqueIdentifier>
    </Filter>
    <Filter Include="Target dependent">
      <UniqueIdentifier>{d9d350eb-20e7-48e5-b0e7-d6d441a038de}</UniqueIdentifier>
    </Filter>
  </ItemGroup>
  <ItemGroup>
    <ClCompile Include="..\base\collection.cpp">
      <Filter>Source Files</Filter>
    </ClCompile>
    <ClCompile Include="..\base\component.cpp">
      <Filter>Source Files</Filter>
    </ClCompile>
    <ClCompile Include="..\base\directorymap.cpp">
      <Filter>Source Files</Filter>
    </ClCompile>
    <ClCompile Include="..\base\except.cpp">
      <Filter>Source Files</Filter>
    </ClCompile>
    <ClCompile Include="..\base\fc_binutils.cpp">
      <Filter>Source Files</Filter>
    </ClCompile>
    <ClCompile Include="..\base\fc_windows.cpp">
      <Filter>Source Files</Filter>
    </ClCompile>
    <ClCompile Include="..\base\filecontainer.cpp">
      <Filter>Source Files</Filter>
    </ClCompile>
    <ClCompile Include="..\base\garbage.cpp">
      <Filter>Source Files</Filter>
    </ClCompile>
    <ClCompile Include="..\base\manager.cpp">
      <Filter>Source Files</Filter>
    </ClCompile>
    <ClCompile Include="..\base\message.cpp">
      <Filter>Source Files</Filter>
    </ClCompile>
    <ClCompile Include="..\base\option.cpp">
      <Filter>Source Files</Filter>
    </ClCompile>
    <ClCompile Include="..\base\singleton.cpp">
      <Filter>Source Files</Filter>
    </ClCompile>
    <ClCompile Include="..\jsp\jsp_check.cpp">
      <Filter>Target dependent</Filter>
    </ClCompile>
  </ItemGroup>
  <ItemGroup>
    <ClInclude Include="..\base\component.h">
      <Filter>Header Files</Filter>
    </ClInclude>
    <ClInclude Include="..\base\defs.h">
      <Filter>Header Files</Filter>
    </ClInclude>
    <ClInclude Include="..\base\directorymap.h">
      <Filter>Header Files</Filter>
    </ClInclude>
    <ClInclude Include="..\base\except.h">
      <Filter>Header Files</Filter>
    </ClInclude>
    <ClInclude Include="..\base\filecontainer.h">
      <Filter>Header Files</Filter>
    </ClInclude>
    <ClInclude Include="..\base\garbage.h">
      <Filter>Header Files</Filter>
    </ClInclude>
    <ClInclude Include="..\base\message.h">
      <Filter>Header Files</Filter>
    </ClInclude>
    <ClInclude Include="..\base\singleton.h">
      <Filter>Header Files</Filter>
    </ClInclude>
  </ItemGroup>
</Project>