<?xml version="1.0" encoding="utf-8"?>
<Project ToolsVersion="4.0" xmlns="http://schemas.microsoft.com/developer/msbuild/2003">
  <ItemGroup>
    <Filter Include="Source Files">
      <UniqueIdentifier>{1e948cf7-4631-4ef5-9af2-aacfb10a779e}</UniqueIdentifier>
      <Extensions>cpp;c;cxx;rc;def;r;odl;idl;hpj;bat</Extensions>
    </Filter>
    <Filter Include="Header Files">
      <UniqueIdentifier>{ac7cd1b3-2bfc-4d1b-a9a0-578f15d999bf}</UniqueIdentifier>
    </Filter>
    <Filter Include="Target dependent">
      <UniqueIdentifier>{70284aa9-bc98-49cc-a947-5508be0cc571}</UniqueIdentifier>
    </Filter>
  </ItemGroup>
  <ItemGroup>
    <ClCompile Include="..\base\collection.cpp">
      <Filter>Source Files</Filter>
    </ClCompile>
    <ClCompile Include="..\base\component.cpp">
      <Filter>Source Files</Filter>
    </ClCompile>
    <ClCompile Include="..\base\coverage.cpp">
      <Filter>Source Files</Filter>
    </ClCompile>
    <ClCompile Include="..\base\directorymap.cpp">
      <Filter>Source Files</Filter>
    </ClCompile>
    <ClCompile Include="..\base\event.cpp">
      <Filter>Source Files</Filter>
    </ClCompile>
    <ClCompile Include="..\base\except.cpp">
      <Filter>Source Files</Filter>
    </ClCompile>
    <ClCompile Include="..\base\garbage.cpp">
      <Filter>Source Files</Filter>
    </ClCompile>
    <ClCompile Include="..\base\manager.cpp">
      <Filter>Source Files</Filter>
    </ClCompile>
    <ClCompile Include="..\base\message.cpp">
      <Filter>Source Files</Filter>
    </ClCompile>
    <ClCompile Include="..\base\mpstrstream.cpp">
      <Filter>Source Files</Filter>
    </ClCompile>
    <ClCompile Include="..\base\option.cpp">
      <Filter>Source Files</Filter>
    </ClCompile>
    <ClCompile Include="..\base\parser.cpp">
      <Filter>Source Files</Filter>
    </ClCompile>
    <ClCompile Include="..\base\singleton.cpp">
      <Filter>Source Files</Filter>
    </ClCompile>
    <ClCompile Include="..\base\testsuite.cpp">
      <Filter>Source Files</Filter>
    </ClCompile>
    <ClCompile Include="..\jsp\jsp_checkscript.cpp">
      <Filter>Target dependent</Filter>
    </ClCompile>
    <ClCompile Include="..\jsp\jsp_common.cpp">
      <Filter>Target dependent</Filter>
    </ClCompile>
    <ClCompile Include="..\jsp\jsp_parser.cpp">
      <Filter>Target dependent</Filter>
    </ClCompile>
    <ClCompile Include="..\jsp\jsp_staticapi.cpp">
      <Filter>Target dependent</Filter>
    </ClCompile>
  </ItemGroup>
  <ItemGroup>
    <ClInclude Include="..\base\collection.h">
      <Filter>Header Files</Filter>
    </ClInclude>
    <ClInclude Include="..\base\component.h">
      <Filter>Header Files</Filter>
    </ClInclude>
    <ClInclude Include="..\base\coverage_defs.h">
      <Filter>Header Files</Filter>
    </ClInclude>
    <ClInclude Include="..\base\coverage_undefs.h">
      <Filter>Header Files</Filter>
    </ClInclude>
    <ClInclude Include="..\base\defs.h">
      <Filter>Header Files</Filter>
    </ClInclude>
    <ClInclude Include="..\base\directorymap.h">
      <Filter>Header Files</Filter>
    </ClInclude>
    <ClInclude Include="..\base\event.h">
      <Filter>Header Files</Filter>
    </ClInclude>
    <ClInclude Include="..\base\except.h">
      <Filter>Header Files</Filter>
    </ClInclude>
    <ClInclude Include="..\base\garbage.h">
      <Filter>Header Files</Filter>
    </ClInclude>
    <ClInclude Include="..\base\message.h">
      <Filter>Header Files</Filter>
    </ClInclude>
    <ClInclude Include="..\base\mpstrstream.h">
      <Filter>Header Files</Filter>
    </ClInclude>
    <ClInclude Include="..\base\option.h">
      <Filter>Header Files</Filter>
    </ClInclude>
    <ClInclude Include="..\base\parser.h">
      <Filter>Header Files</Filter>
    </ClInclude>
    <ClInclude Include="..\base\singleton.h">
      <Filter>Header Files</Filter>
    </ClInclude>
    <ClInclude Include="..\base\testsuite.h">
      <Filter>Header Files</Filter>
    </ClInclude>
    <ClInclude Include="..\jsp\jsp_classes.h">
      <Filter>Target dependent</Filter>
    </ClInclude>
    <ClInclude Include="..\jsp\jsp_common.h">
      <Filter>Target dependent</Filter>
    </ClInclude>
    <ClInclude Include="..\jsp\jsp_defs.h">
      <Filter>Target dependent</Filter>
    </ClInclude>
  </ItemGroup>
</Project>