<?xml version="1.0" encoding="utf-8"?>
<Project ToolsVersion="4.0" xmlns="http://schemas.microsoft.com/developer/msbuild/2003">
  <ItemGroup>
    <Filter Include="Source Files">
      <UniqueIdentifier>{563c928b-1a9f-43c1-8273-ac86ca246c31}</UniqueIdentifier>
      <Extensions>cpp;c;cxx;rc;def;r;odl;idl;hpj;bat</Extensions>
    </Filter>
    <Filter Include="Header Files">
      <UniqueIdentifier>{5a40e0d5-2e6c-4022-b114-4f216f21d650}</UniqueIdentifier>
      <Extensions>h;hpp;hxx;hm;inl</Extensions>
    </Filter>
    <Filter Include="Resource Files">
      <UniqueIdentifier>{f5d53363-24a1-4a35-acd4-32ca75ffb47e}</UniqueIdentifier>
      <Extensions>ico;cur;bmp;dlg;rc2;rct;bin;rgs;gif;jpg;jpeg;jpe</Extensions>
    </Filter>
  </ItemGroup>
  <ItemGroup>
    <ClCompile Include="device.cpp">
      <Filter>Source Files</Filter>
    </ClCompile>
    <ClCompile Include="devicemanager.cpp">
      <Filter>Source Files</Filter>
    </ClCompile>
    <ClCompile Include="information.cpp">
      <Filter>Source Files</Filter>
    </ClCompile>
    <ClCompile Include="kernel.cpp">
      <Filter>Source Files</Filter>
    </ClCompile>
    <ClCompile Include="KernelLog.cpp">
      <Filter>Source Files</Filter>
    </ClCompile>
    <ClCompile Include="stdafx.cpp">
      <Filter>Source Files</Filter>
    </ClCompile>
  </ItemGroup>
  <ItemGroup>
    <Midl Include="devicemanager.idl">
      <Filter>Source Files</Filter>
    </Midl>
  </ItemGroup>
  <ItemGroup>
    <ResourceCompile Include="devicemanager.rc">
      <Filter>Source Files</Filter>
    </ResourceCompile>
  </ItemGroup>
  <ItemGroup>
    <ClInclude Include="device.h">
      <Filter>Header Files</Filter>
    </ClInclude>
    <ClInclude Include="devicemanagerCP.h">
      <Filter>Header Files</Filter>
    </ClInclude>
    <ClInclude Include="information.h">
      <Filter>Header Files</Filter>
    </ClInclude>
    <ClInclude Include="kernel.h">
      <Filter>Header Files</Filter>
    </ClInclude>
    <ClInclude Include="KernelLog.h">
      <Filter>Header Files</Filter>
    </ClInclude>
    <ClInclude Include="messages.h">
      <Filter>Header Files</Filter>
    </ClInclude>
    <ClInclude Include="range.h">
      <Filter>Header Files</Filter>
    </ClInclude>
    <ClInclude Include="resource.h">
      <Filter>Header Files</Filter>
    </ClInclude>
    <ClInclude Include="stdafx.h">
      <Filter>Header Files</Filter>
    </ClInclude>
  </ItemGroup>
  <ItemGroup>
    <CustomBuild Include="device.rgs">
      <Filter>Resource Files</Filter>
    </CustomBuild>
    <CustomBuild Include="devicemanager.rgs">
      <Filter>Resource Files</Filter>
    </CustomBuild>
    <CustomBuild Include="informat.bin">
      <Filter>Resource Files</Filter>
    </CustomBuild>
    <CustomBuild Include="information.rgs">
      <Filter>Resource Files</Filter>
    </CustomBuild>
    <CustomBuild Include="kernel.rgs">
      <Filter>Resource Files</Filter>
    </CustomBuild>
    <CustomBuild Include="KernelLog.rgs">
      <Filter>Resource Files</Filter>
    </CustomBuild>
  </ItemGroup>
</Project>